
Microsoft Visual Studio Solution File, Format Version 12.00
# Visual Studio Version 17
VisualStudioVersion = 17.5.33502.453
MinimumVisualStudioVersion = 10.0.40219.1
Project("{8BC9CEB8-8B4A-11D0-8D11-00A0C91BC942}") = "last_lab", "last_lab.vcxproj", "{C50F16AB-CA39-44E4-B432-34F73C2C4E6C}"
EndProject
Global
	GlobalSection(SolutionConfigurationPlatforms) = preSolution
		Debug|x64 = Debug|x64
		Debug|x86 = Debug|x86
		Release|x64 = Release|x64
		Release|x86 = Release|x86
	EndGlobalSection
	GlobalSection(ProjectConfigurationPlatforms) = postSolution
		{C50F16AB-CA39-44E4-B432-34F73C2C4E6C}.Debug|x64.ActiveCfg = Debug|x64
		{C50F16AB-CA39-44E4-B432-34F73C2C4E6C}.Debug|x64.Build.0 = Debug|x64
		{C50F16AB-CA39-44E4-B432-34F73C2C4E6C}.Debug|x86.ActiveCfg = Debug|Win32
		{C50F16AB-CA39-44E4-B432-34F73C2C4E6C}.Debug|x86.Build.0 = Debug|Win32
		{C50F16AB-CA39-44E4-B432-34F73C2C4E6C}.Release|x64.ActiveCfg = Release|x64
		{C50F16AB-CA39-44E4-B432-34F73C2C4E6C}.Release|x64.Build.0 = Release|x64
		{C50F16AB-CA39-44E4-B432-34F73C2C4E6C}.Release|x86.ActiveCfg = Release|Win32
		{C50F16AB-CA39-44E4-B432-34F73C2C4E6C}.Release|x86.Build.0 = Release|Win32
	EndGlobalSection
	GlobalSection(SolutionProperties) = preSolution
		HideSolutionNode = FALSE
	EndGlobalSection
	GlobalSection(ExtensibilityGlobals) = postSolution
		SolutionGuid = {7A82459D-D9CD-4A21-BE28-1709B5D8E230}
	EndGlobalSection
EndGlobal
